
Microsoft Visual Studio Solution File, Format Version 12.00
# Visual Studio Version 16
VisualStudioVersion = 16.0.34729.46
MinimumVisualStudioVersion = 10.0.40219.1
Project("{FAE04EC0-301F-11D3-BF4B-00C04F79EFBC}") = "KhachSan", "KhachSan\KhachSan.csproj", "{AAFB5A54-5E83-404D-9B18-C71A7DF6DA6D}"
EndProject
Global
	GlobalSection(SolutionConfigurationPlatforms) = preSolution
		Debug|Any CPU = Debug|Any CPU
		Release|Any CPU = Release|Any CPU
	EndGlobalSection
	GlobalSection(ProjectConfigurationPlatforms) = postSolution
		{AAFB5A54-5E83-404D-9B18-C71A7DF6DA6D}.Debug|Any CPU.ActiveCfg = Debug|Any CPU
		{AAFB5A54-5E83-404D-9B18-C71A7DF6DA6D}.Debug|Any CPU.Build.0 = Debug|Any CPU
		{AAFB5A54-5E83-404D-9B18-C71A7DF6DA6D}.Release|Any CPU.ActiveCfg = Release|Any CPU
		{AAFB5A54-5E83-404D-9B18-C71A7DF6DA6D}.Release|Any CPU.Build.0 = Release|Any CPU
	EndGlobalSection
	GlobalSection(SolutionProperties) = preSolution
		HideSolutionNode = FALSE
	EndGlobalSection
	GlobalSection(ExtensibilityGlobals) = postSolution
		SolutionGuid = {44555750-C51B-425F-8E2C-8555900E062F}
	EndGlobalSection
EndGlobal
